
Microsoft Visual Studio Solution File, Format Version 12.00
# Visual Studio Version 17
VisualStudioVersion = 17.0.31903.59
MinimumVisualStudioVersion = 10.0.40219.1
Project("{FAE04EC0-301F-11D3-BF4B-00C04F79EFBC}") = "API", "API\API.csproj", "{9EC9DC16-5542-47A0-BDBD-44414FD7AC0D}"
EndProject
Project("{FAE04EC0-301F-11D3-BF4B-00C04F79EFBC}") = "Core", "Core\Core.csproj", "{82A170EE-BEFD-4F75-9EFB-EC6AC2546066}"
EndProject
Project("{FAE04EC0-301F-11D3-BF4B-00C04F79EFBC}") = "Infrastructure", "Infrastructure\Infrastructure.csproj", "{657D1A9B-73D1-4DC7-9D10-B92E049E1FBB}"
EndProject
Global
	GlobalSection(SolutionConfigurationPlatforms) = preSolution
		Debug|Any CPU = Debug|Any CPU
		Release|Any CPU = Release|Any CPU
	EndGlobalSection
	GlobalSection(SolutionProperties) = preSolution
		HideSolutionNode = FALSE
	EndGlobalSection
	GlobalSection(ProjectConfigurationPlatforms) = postSolution
		{9EC9DC16-5542-47A0-BDBD-44414FD7AC0D}.Debug|Any CPU.ActiveCfg = Debug|Any CPU
		{9EC9DC16-5542-47A0-BDBD-44414FD7AC0D}.Debug|Any CPU.Build.0 = Debug|Any CPU
		{9EC9DC16-5542-47A0-BDBD-44414FD7AC0D}.Release|Any CPU.ActiveCfg = Release|Any CPU
		{9EC9DC16-5542-47A0-BDBD-44414FD7AC0D}.Release|Any CPU.Build.0 = Release|Any CPU
		{82A170EE-BEFD-4F75-9EFB-EC6AC2546066}.Debug|Any CPU.ActiveCfg = Debug|Any CPU
		{82A170EE-BEFD-4F75-9EFB-EC6AC2546066}.Debug|Any CPU.Build.0 = Debug|Any CPU
		{82A170EE-BEFD-4F75-9EFB-EC6AC2546066}.Release|Any CPU.ActiveCfg = Release|Any CPU
		{82A170EE-BEFD-4F75-9EFB-EC6AC2546066}.Release|Any CPU.Build.0 = Release|Any CPU
		{657D1A9B-73D1-4DC7-9D10-B92E049E1FBB}.Debug|Any CPU.ActiveCfg = Debug|Any CPU
		{657D1A9B-73D1-4DC7-9D10-B92E049E1FBB}.Debug|Any CPU.Build.0 = Debug|Any CPU
		{657D1A9B-73D1-4DC7-9D10-B92E049E1FBB}.Release|Any CPU.ActiveCfg = Release|Any CPU
		{657D1A9B-73D1-4DC7-9D10-B92E049E1FBB}.Release|Any CPU.Build.0 = Release|Any CPU
	EndGlobalSection
EndGlobal
